
Microsoft Visual Studio Solution File, Format Version 12.00
# Visual Studio Version 16
VisualStudioVersion = 16.0.31025.194
MinimumVisualStudioVersion = 10.0.40219.1
Project("{FAE04EC0-301F-11D3-BF4B-00C04F79EFBC}") = "Ejercicio04.Android", "Ejercicio04\Ejercicio04.Android\Ejercicio04.Android.csproj", "{D3CBD9CF-2DDE-41E5-9641-0048EFE5B0E1}"
EndProject
Project("{FAE04EC0-301F-11D3-BF4B-00C04F79EFBC}") = "Ejercicio04", "Ejercicio04\Ejercicio04\Ejercicio04.csproj", "{D4773C36-2C7A-4E7B-8864-C153CFEFC991}"
EndProject
Global
	GlobalSection(SolutionConfigurationPlatforms) = preSolution
		Debug|Any CPU = Debug|Any CPU
		Release|Any CPU = Release|Any CPU
	EndGlobalSection
	GlobalSection(ProjectConfigurationPlatforms) = postSolution
		{D3CBD9CF-2DDE-41E5-9641-0048EFE5B0E1}.Debug|Any CPU.ActiveCfg = Debug|Any CPU
		{D3CBD9CF-2DDE-41E5-9641-0048EFE5B0E1}.Debug|Any CPU.Build.0 = Debug|Any CPU
		{D3CBD9CF-2DDE-41E5-9641-0048EFE5B0E1}.Debug|Any CPU.Deploy.0 = Debug|Any CPU
		{D3CBD9CF-2DDE-41E5-9641-0048EFE5B0E1}.Release|Any CPU.ActiveCfg = Release|Any CPU
		{D3CBD9CF-2DDE-41E5-9641-0048EFE5B0E1}.Release|Any CPU.Build.0 = Release|Any CPU
		{D3CBD9CF-2DDE-41E5-9641-0048EFE5B0E1}.Release|Any CPU.Deploy.0 = Release|Any CPU
		{D4773C36-2C7A-4E7B-8864-C153CFEFC991}.Debug|Any CPU.ActiveCfg = Debug|Any CPU
		{D4773C36-2C7A-4E7B-8864-C153CFEFC991}.Debug|Any CPU.Build.0 = Debug|Any CPU
		{D4773C36-2C7A-4E7B-8864-C153CFEFC991}.Debug|Any CPU.Deploy.0 = Debug|Any CPU
		{D4773C36-2C7A-4E7B-8864-C153CFEFC991}.Release|Any CPU.ActiveCfg = Release|Any CPU
		{D4773C36-2C7A-4E7B-8864-C153CFEFC991}.Release|Any CPU.Build.0 = Release|Any CPU
		{D4773C36-2C7A-4E7B-8864-C153CFEFC991}.Release|Any CPU.Deploy.0 = Release|Any CPU
	EndGlobalSection
	GlobalSection(SolutionProperties) = preSolution
		HideSolutionNode = FALSE
	EndGlobalSection
	GlobalSection(ExtensibilityGlobals) = postSolution
		SolutionGuid = {43319CC4-AB8C-4AB1-B86C-C9A7FF955AAC}
	EndGlobalSection
EndGlobal
